
Microsoft Visual Studio Solution File, Format Version 12.00
# Visual Studio 14
VisualStudioVersion = 14.0.25420.1
MinimumVisualStudioVersion = 10.0.40219.1
Project("{FAE04EC0-301F-11D3-BF4B-00C04F79EFBC}") = "PhotoStock.Tests", "PhotoStock.Tests\PhotoStock.Tests.csproj", "{67F68401-9A9D-48FD-BB9E-A4DAF35CCA65}"
EndProject
Project("{FAE04EC0-301F-11D3-BF4B-00C04F79EFBC}") = "PhotoStock.Sales.Domain", "PhotoStock.Sales.Domain\PhotoStock.Sales.Domain.csproj", "{2230C68D-558A-463F-B3ED-427968DECB2E}"
EndProject
Project("{FAE04EC0-301F-11D3-BF4B-00C04F79EFBC}") = "PhotoStock.Sales.Query", "PhotoStock.Sales.Query\PhotoStock.Sales.Query.csproj", "{7BFE16B3-7692-4CE3-8237-1F84CBA62304}"
EndProject
Project("{FAE04EC0-301F-11D3-BF4B-00C04F79EFBC}") = "DDD.Base", "DDD.Base\DDD.Base.csproj", "{F8D43559-8792-498B-AB51-211CA04CB4DF}"
EndProject
Project("{FAE04EC0-301F-11D3-BF4B-00C04F79EFBC}") = "DDD.Infrastructure", "DDD.Infrastructure\DDD.Infrastructure.csproj", "{1F25C4FB-D5EA-46BB-AB2B-AC5582E1AA9E}"
EndProject
Project("{2150E333-8FDC-42A3-9474-1A3956D46DE8}") = "Base", "Base", "{A0F7DF3D-4B23-4243-9834-E35FBC15C9A8}"
EndProject
Project("{2150E333-8FDC-42A3-9474-1A3956D46DE8}") = "Sales", "Sales", "{C8607D23-999C-46EE-946A-85C6CF69746F}"
EndProject
Project("{2150E333-8FDC-42A3-9474-1A3956D46DE8}") = "Shipping", "Shipping", "{0D8B3E81-E824-4CE0-A516-87C4ECB59F52}"
EndProject
Project("{FAE04EC0-301F-11D3-BF4B-00C04F79EFBC}") = "PhotoStock.Sales.Application", "PhotoStock.Sales.Application\PhotoStock.Sales.Application.csproj", "{502D416A-D97E-46F6-B47F-85AB0BFDCD3A}"
EndProject
Project("{FAE04EC0-301F-11D3-BF4B-00C04F79EFBC}") = "PhotoStock.System", "PhotoStock.System\PhotoStock.System.csproj", "{2FC58C62-FE65-46C7-989E-180C2B8E41EE}"
EndProject
Project("{FAE04EC0-301F-11D3-BF4B-00C04F79EFBC}") = "PhotoStock.Shipping.Application", "PhotoStock.Shipping.Application\PhotoStock.Shipping.Application.csproj", "{DB22ADE0-E49E-4B7E-9329-5AEA5F82072C}"
EndProject
Project("{FAE04EC0-301F-11D3-BF4B-00C04F79EFBC}") = "PhotoStock.Shipping.Domain", "PhotoStock.Shipping.Domain\PhotoStock.Shipping.Domain.csproj", "{B49CABB5-36C5-4028-BA42-0F3E0B94E33F}"
EndProject
Project("{FAE04EC0-301F-11D3-BF4B-00C04F79EFBC}") = "PhotoStock.Shipping.Contract", "PhotoStock.Shipping.Contract\PhotoStock.Shipping.Contract.csproj", "{1FF64B1A-907E-4056-82A5-67B3EFD45C78}"
EndProject
Project("{FAE04EC0-301F-11D3-BF4B-00C04F79EFBC}") = "PhotoStock.Sales.Contract", "PhotoStock.Sales.Contract\PhotoStock.Sales.Contract.csproj", "{EA7D831A-03D1-4A08-805C-3E450EA024BC}"
EndProject
Project("{FAE04EC0-301F-11D3-BF4B-00C04F79EFBC}") = "PhotoStock.SharedKernel", "PhotoStock.SharedKernel\PhotoStock.SharedKernel.csproj", "{266FF480-2B3A-40C5-B01C-721C9A4D79D3}"
EndProject
Project("{FAE04EC0-301F-11D3-BF4B-00C04F79EFBC}") = "Photostock.Sales.Infrastructure", "Photostock.Sales.Infrastructure\Photostock.Sales.Infrastructure.csproj", "{42D9D95B-3F19-46E3-9CCB-B9276A465E13}"
EndProject
Project("{2150E333-8FDC-42A3-9474-1A3956D46DE8}") = "Invoicing", "Invoicing", "{80ACDAD5-3FE5-4559-B11F-5F7CF18FF85C}"
EndProject
Project("{FAE04EC0-301F-11D3-BF4B-00C04F79EFBC}") = "PhotoStock.Invoicing.Domain", "PhotoStock.Invoicing.Domain\PhotoStock.Invoicing.Domain.csproj", "{F686EDF5-2B9C-4DE1-B197-785B38BE4B97}"
EndProject
Project("{FAE04EC0-301F-11D3-BF4B-00C04F79EFBC}") = "PhotoStock.Invoicing.Application", "PhotoStock.Invoicing.Application\PhotoStock.Invoicing.Application.csproj", "{91D4A03B-CCE7-4A9A-AA80-626251967A2B}"
EndProject
Project("{FAE04EC0-301F-11D3-BF4B-00C04F79EFBC}") = "PhotoStock.Invoicing.Contract", "PhotoStock.Invoicing.Contract\PhotoStock.Invoicing.Contract.csproj", "{265016F3-AE52-4167-926A-52924366E7DD}"
EndProject
Project("{2150E333-8FDC-42A3-9474-1A3956D46DE8}") = "BusinessProcess", "BusinessProcess", "{EA8DA886-D082-4565-95FA-7E70248260B7}"
EndProject
Project("{FAE04EC0-301F-11D3-BF4B-00C04F79EFBC}") = "PhotoStock.BusinessProcess.Tests", "PhotoStock.BusinessProcess.Tests\PhotoStock.BusinessProcess.Tests.csproj", "{5C0936A5-3185-44C5-9B6B-FEB039CFB6F7}"
EndProject
Project("{FAE04EC0-301F-11D3-BF4B-00C04F79EFBC}") = "PhotoStock.BusinessProcess", "PhotoStock.BusinessProcess\PhotoStock.BusinessProcess.csproj", "{6B0EA748-FC9A-467B-B3D4-A2A025EEBB29}"
EndProject
Project("{FAE04EC0-301F-11D3-BF4B-00C04F79EFBC}") = "Bus", "Bus\Bus.csproj", "{900CC272-63B7-41D8-BA59-5A769819A58E}"
EndProject
Global
	GlobalSection(SolutionConfigurationPlatforms) = preSolution
		Debug|Any CPU = Debug|Any CPU
		Release|Any CPU = Release|Any CPU
	EndGlobalSection
	GlobalSection(ProjectConfigurationPlatforms) = postSolution
		{67F68401-9A9D-48FD-BB9E-A4DAF35CCA65}.Debug|Any CPU.ActiveCfg = Debug|Any CPU
		{67F68401-9A9D-48FD-BB9E-A4DAF35CCA65}.Debug|Any CPU.Build.0 = Debug|Any CPU
		{67F68401-9A9D-48FD-BB9E-A4DAF35CCA65}.Release|Any CPU.ActiveCfg = Release|Any CPU
		{67F68401-9A9D-48FD-BB9E-A4DAF35CCA65}.Release|Any CPU.Build.0 = Release|Any CPU
		{2230C68D-558A-463F-B3ED-427968DECB2E}.Debug|Any CPU.ActiveCfg = Debug|Any CPU
		{2230C68D-558A-463F-B3ED-427968DECB2E}.Debug|Any CPU.Build.0 = Debug|Any CPU
		{2230C68D-558A-463F-B3ED-427968DECB2E}.Release|Any CPU.ActiveCfg = Release|Any CPU
		{2230C68D-558A-463F-B3ED-427968DECB2E}.Release|Any CPU.Build.0 = Release|Any CPU
		{7BFE16B3-7692-4CE3-8237-1F84CBA62304}.Debug|Any CPU.ActiveCfg = Debug|Any CPU
		{7BFE16B3-7692-4CE3-8237-1F84CBA62304}.Debug|Any CPU.Build.0 = Debug|Any CPU
		{7BFE16B3-7692-4CE3-8237-1F84CBA62304}.Release|Any CPU.ActiveCfg = Release|Any CPU
		{7BFE16B3-7692-4CE3-8237-1F84CBA62304}.Release|Any CPU.Build.0 = Release|Any CPU
		{F8D43559-8792-498B-AB51-211CA04CB4DF}.Debug|Any CPU.ActiveCfg = Debug|Any CPU
		{F8D43559-8792-498B-AB51-211CA04CB4DF}.Debug|Any CPU.Build.0 = Debug|Any CPU
		{F8D43559-8792-498B-AB51-211CA04CB4DF}.Release|Any CPU.ActiveCfg = Release|Any CPU
		{F8D43559-8792-498B-AB51-211CA04CB4DF}.Release|Any CPU.Build.0 = Release|Any CPU
		{1F25C4FB-D5EA-46BB-AB2B-AC5582E1AA9E}.Debug|Any CPU.ActiveCfg = Debug|Any CPU
		{1F25C4FB-D5EA-46BB-AB2B-AC5582E1AA9E}.Debug|Any CPU.Build.0 = Debug|Any CPU
		{1F25C4FB-D5EA-46BB-AB2B-AC5582E1AA9E}.Release|Any CPU.ActiveCfg = Release|Any CPU
		{1F25C4FB-D5EA-46BB-AB2B-AC5582E1AA9E}.Release|Any CPU.Build.0 = Release|Any CPU
		{502D416A-D97E-46F6-B47F-85AB0BFDCD3A}.Debug|Any CPU.ActiveCfg = Debug|Any CPU
		{502D416A-D97E-46F6-B47F-85AB0BFDCD3A}.Debug|Any CPU.Build.0 = Debug|Any CPU
		{502D416A-D97E-46F6-B47F-85AB0BFDCD3A}.Release|Any CPU.ActiveCfg = Release|Any CPU
		{502D416A-D97E-46F6-B47F-85AB0BFDCD3A}.Release|Any CPU.Build.0 = Release|Any CPU
		{2FC58C62-FE65-46C7-989E-180C2B8E41EE}.Debug|Any CPU.ActiveCfg = Debug|Any CPU
		{2FC58C62-FE65-46C7-989E-180C2B8E41EE}.Debug|Any CPU.Build.0 = Debug|Any CPU
		{2FC58C62-FE65-46C7-989E-180C2B8E41EE}.Release|Any CPU.ActiveCfg = Release|Any CPU
		{2FC58C62-FE65-46C7-989E-180C2B8E41EE}.Release|Any CPU.Build.0 = Release|Any CPU
		{DB22ADE0-E49E-4B7E-9329-5AEA5F82072C}.Debug|Any CPU.ActiveCfg = Debug|Any CPU
		{DB22ADE0-E49E-4B7E-9329-5AEA5F82072C}.Debug|Any CPU.Build.0 = Debug|Any CPU
		{DB22ADE0-E49E-4B7E-9329-5AEA5F82072C}.Release|Any CPU.ActiveCfg = Release|Any CPU
		{DB22ADE0-E49E-4B7E-9329-5AEA5F82072C}.Release|Any CPU.Build.0 = Release|Any CPU
		{B49CABB5-36C5-4028-BA42-0F3E0B94E33F}.Debug|Any CPU.ActiveCfg = Debug|Any CPU
		{B49CABB5-36C5-4028-BA42-0F3E0B94E33F}.Debug|Any CPU.Build.0 = Debug|Any CPU
		{B49CABB5-36C5-4028-BA42-0F3E0B94E33F}.Release|Any CPU.ActiveCfg = Release|Any CPU
		{B49CABB5-36C5-4028-BA42-0F3E0B94E33F}.Release|Any CPU.Build.0 = Release|Any CPU
		{1FF64B1A-907E-4056-82A5-67B3EFD45C78}.Debug|Any CPU.ActiveCfg = Debug|Any CPU
		{1FF64B1A-907E-4056-82A5-67B3EFD45C78}.Debug|Any CPU.Build.0 = Debug|Any CPU
		{1FF64B1A-907E-4056-82A5-67B3EFD45C78}.Release|Any CPU.ActiveCfg = Release|Any CPU
		{1FF64B1A-907E-4056-82A5-67B3EFD45C78}.Release|Any CPU.Build.0 = Release|Any CPU
		{EA7D831A-03D1-4A08-805C-3E450EA024BC}.Debug|Any CPU.ActiveCfg = Debug|Any CPU
		{EA7D831A-03D1-4A08-805C-3E450EA024BC}.Debug|Any CPU.Build.0 = Debug|Any CPU
		{EA7D831A-03D1-4A08-805C-3E450EA024BC}.Release|Any CPU.ActiveCfg = Release|Any CPU
		{EA7D831A-03D1-4A08-805C-3E450EA024BC}.Release|Any CPU.Build.0 = Release|Any CPU
		{266FF480-2B3A-40C5-B01C-721C9A4D79D3}.Debug|Any CPU.ActiveCfg = Debug|Any CPU
		{266FF480-2B3A-40C5-B01C-721C9A4D79D3}.Debug|Any CPU.Build.0 = Debug|Any CPU
		{266FF480-2B3A-40C5-B01C-721C9A4D79D3}.Release|Any CPU.ActiveCfg = Release|Any CPU
		{266FF480-2B3A-40C5-B01C-721C9A4D79D3}.Release|Any CPU.Build.0 = Release|Any CPU
		{42D9D95B-3F19-46E3-9CCB-B9276A465E13}.Debug|Any CPU.ActiveCfg = Debug|Any CPU
		{42D9D95B-3F19-46E3-9CCB-B9276A465E13}.Debug|Any CPU.Build.0 = Debug|Any CPU
		{42D9D95B-3F19-46E3-9CCB-B9276A465E13}.Release|Any CPU.ActiveCfg = Release|Any CPU
		{42D9D95B-3F19-46E3-9CCB-B9276A465E13}.Release|Any CPU.Build.0 = Release|Any CPU
		{F686EDF5-2B9C-4DE1-B197-785B38BE4B97}.Debug|Any CPU.ActiveCfg = Debug|Any CPU
		{F686EDF5-2B9C-4DE1-B197-785B38BE4B97}.Debug|Any CPU.Build.0 = Debug|Any CPU
		{F686EDF5-2B9C-4DE1-B197-785B38BE4B97}.Release|Any CPU.ActiveCfg = Release|Any CPU
		{F686EDF5-2B9C-4DE1-B197-785B38BE4B97}.Release|Any CPU.Build.0 = Release|Any CPU
		{91D4A03B-CCE7-4A9A-AA80-626251967A2B}.Debug|Any CPU.ActiveCfg = Debug|Any CPU
		{91D4A03B-CCE7-4A9A-AA80-626251967A2B}.Debug|Any CPU.Build.0 = Debug|Any CPU
		{91D4A03B-CCE7-4A9A-AA80-626251967A2B}.Release|Any CPU.ActiveCfg = Release|Any CPU
		{91D4A03B-CCE7-4A9A-AA80-626251967A2B}.Release|Any CPU.Build.0 = Release|Any CPU
		{265016F3-AE52-4167-926A-52924366E7DD}.Debug|Any CPU.ActiveCfg = Debug|Any CPU
		{265016F3-AE52-4167-926A-52924366E7DD}.Debug|Any CPU.Build.0 = Debug|Any CPU
		{265016F3-AE52-4167-926A-52924366E7DD}.Release|Any CPU.ActiveCfg = Release|Any CPU
		{265016F3-AE52-4167-926A-52924366E7DD}.Release|Any CPU.Build.0 = Release|Any CPU
		{5C0936A5-3185-44C5-9B6B-FEB039CFB6F7}.Debug|Any CPU.ActiveCfg = Debug|Any CPU
		{5C0936A5-3185-44C5-9B6B-FEB039CFB6F7}.Debug|Any CPU.Build.0 = Debug|Any CPU
		{5C0936A5-3185-44C5-9B6B-FEB039CFB6F7}.Release|Any CPU.ActiveCfg = Release|Any CPU
		{5C0936A5-3185-44C5-9B6B-FEB039CFB6F7}.Release|Any CPU.Build.0 = Release|Any CPU
		{6B0EA748-FC9A-467B-B3D4-A2A025EEBB29}.Debug|Any CPU.ActiveCfg = Debug|Any CPU
		{6B0EA748-FC9A-467B-B3D4-A2A025EEBB29}.Debug|Any CPU.Build.0 = Debug|Any CPU
		{6B0EA748-FC9A-467B-B3D4-A2A025EEBB29}.Release|Any CPU.ActiveCfg = Release|Any CPU
		{6B0EA748-FC9A-467B-B3D4-A2A025EEBB29}.Release|Any CPU.Build.0 = Release|Any CPU
		{900CC272-63B7-41D8-BA59-5A769819A58E}.Debug|Any CPU.ActiveCfg = Debug|Any CPU
		{900CC272-63B7-41D8-BA59-5A769819A58E}.Debug|Any CPU.Build.0 = Debug|Any CPU
		{900CC272-63B7-41D8-BA59-5A769819A58E}.Release|Any CPU.ActiveCfg = Release|Any CPU
		{900CC272-63B7-41D8-BA59-5A769819A58E}.Release|Any CPU.Build.0 = Release|Any CPU
	EndGlobalSection
	GlobalSection(SolutionProperties) = preSolution
		HideSolutionNode = FALSE
	EndGlobalSection
	GlobalSection(NestedProjects) = preSolution
		{2230C68D-558A-463F-B3ED-427968DECB2E} = {C8607D23-999C-46EE-946A-85C6CF69746F}
		{7BFE16B3-7692-4CE3-8237-1F84CBA62304} = {C8607D23-999C-46EE-946A-85C6CF69746F}
		{F8D43559-8792-498B-AB51-211CA04CB4DF} = {A0F7DF3D-4B23-4243-9834-E35FBC15C9A8}
		{1F25C4FB-D5EA-46BB-AB2B-AC5582E1AA9E} = {A0F7DF3D-4B23-4243-9834-E35FBC15C9A8}
		{502D416A-D97E-46F6-B47F-85AB0BFDCD3A} = {C8607D23-999C-46EE-946A-85C6CF69746F}
		{DB22ADE0-E49E-4B7E-9329-5AEA5F82072C} = {0D8B3E81-E824-4CE0-A516-87C4ECB59F52}
		{B49CABB5-36C5-4028-BA42-0F3E0B94E33F} = {0D8B3E81-E824-4CE0-A516-87C4ECB59F52}
		{1FF64B1A-907E-4056-82A5-67B3EFD45C78} = {0D8B3E81-E824-4CE0-A516-87C4ECB59F52}
		{EA7D831A-03D1-4A08-805C-3E450EA024BC} = {C8607D23-999C-46EE-946A-85C6CF69746F}
		{42D9D95B-3F19-46E3-9CCB-B9276A465E13} = {C8607D23-999C-46EE-946A-85C6CF69746F}
		{F686EDF5-2B9C-4DE1-B197-785B38BE4B97} = {80ACDAD5-3FE5-4559-B11F-5F7CF18FF85C}
		{91D4A03B-CCE7-4A9A-AA80-626251967A2B} = {80ACDAD5-3FE5-4559-B11F-5F7CF18FF85C}
		{265016F3-AE52-4167-926A-52924366E7DD} = {80ACDAD5-3FE5-4559-B11F-5F7CF18FF85C}
		{5C0936A5-3185-44C5-9B6B-FEB039CFB6F7} = {EA8DA886-D082-4565-95FA-7E70248260B7}
		{6B0EA748-FC9A-467B-B3D4-A2A025EEBB29} = {EA8DA886-D082-4565-95FA-7E70248260B7}
		{900CC272-63B7-41D8-BA59-5A769819A58E} = {A0F7DF3D-4B23-4243-9834-E35FBC15C9A8}
	EndGlobalSection
EndGlobal
