
Microsoft Visual Studio Solution File, Format Version 12.00
# Visual Studio Version 16
VisualStudioVersion = 16.0.31229.75
MinimumVisualStudioVersion = 10.0.40219.1
Project("{2150E333-8FDC-42A3-9474-1A3956D46DE8}") = "Base", "Base", "{A0F7DF3D-4B23-4243-9834-E35FBC15C9A8}"
EndProject
Project("{2150E333-8FDC-42A3-9474-1A3956D46DE8}") = "Sales", "Sales", "{C8607D23-999C-46EE-946A-85C6CF69746F}"
EndProject
Project("{2150E333-8FDC-42A3-9474-1A3956D46DE8}") = "Shipping", "Shipping", "{0D8B3E81-E824-4CE0-A516-87C4ECB59F52}"
EndProject
Project("{2150E333-8FDC-42A3-9474-1A3956D46DE8}") = "Invoicing", "Invoicing", "{80ACDAD5-3FE5-4559-B11F-5F7CF18FF85C}"
EndProject
Project("{2150E333-8FDC-42A3-9474-1A3956D46DE8}") = "BusinessProcess", "BusinessProcess", "{EA8DA886-D082-4565-95FA-7E70248260B7}"
EndProject
Project("{9A19103F-16F7-4668-BE54-9A1E7A4F7556}") = "PhotoStock.Sales.Application", "PhotoStock.Sales.Application\PhotoStock.Sales.Application.csproj", "{3673DE75-6519-4D2E-94B5-A433AA580820}"
EndProject
Project("{9A19103F-16F7-4668-BE54-9A1E7A4F7556}") = "PhotoStock.Sales.Domain", "PhotoStock.Sales.Domain\PhotoStock.Sales.Domain.csproj", "{166AAE76-84E6-4270-9A32-43C7A12654F8}"
EndProject
Project("{9A19103F-16F7-4668-BE54-9A1E7A4F7556}") = "PhotoStock.Sales.Infrastructure", "Photostock.Sales.Infrastructure\PhotoStock.Sales.Infrastructure.csproj", "{F1CBC169-37E5-4988-AC17-7217A50A75EA}"
EndProject
Project("{9A19103F-16F7-4668-BE54-9A1E7A4F7556}") = "PhotoStock.Sales.Query", "PhotoStock.Sales.Query\PhotoStock.Sales.Query.csproj", "{CF0E1985-5C0A-41ED-9E91-0B08D3FE8279}"
EndProject
Project("{9A19103F-16F7-4668-BE54-9A1E7A4F7556}") = "DDD.Base", "DDD.Base\DDD.Base.csproj", "{35BB77DA-6C17-45A6-8CCE-18B75685DF21}"
EndProject
Project("{9A19103F-16F7-4668-BE54-9A1E7A4F7556}") = "PhotoStock.SharedKernel", "PhotoStock.SharedKernel\PhotoStock.SharedKernel.csproj", "{D6A3B3AE-A9A0-42EA-88C9-960C45CD45BE}"
EndProject
Project("{9A19103F-16F7-4668-BE54-9A1E7A4F7556}") = "PhotoStock.Shipping.Application", "PhotoStock.Shipping.Application\PhotoStock.Shipping.Application.csproj", "{0356097E-093A-4014-AE03-DC32BB9F8E99}"
EndProject
Project("{9A19103F-16F7-4668-BE54-9A1E7A4F7556}") = "PhotoStock.Shipping.Contract", "PhotoStock.Shipping.Contract\PhotoStock.Shipping.Contract.csproj", "{8C258950-DBFC-4880-866A-D7238E2CE09B}"
EndProject
Project("{9A19103F-16F7-4668-BE54-9A1E7A4F7556}") = "PhotoStock.Shipping.Domain", "PhotoStock.Shipping.Domain\PhotoStock.Shipping.Domain.csproj", "{1040AD35-F87D-4741-9334-6958515A7760}"
EndProject
Project("{9A19103F-16F7-4668-BE54-9A1E7A4F7556}") = "PhotoStock.Invoicing.Application", "PhotoStock.Invoicing.Application\PhotoStock.Invoicing.Application.csproj", "{4840E4AF-5F89-4B51-AEBD-4C1549A1D62E}"
EndProject
Project("{9A19103F-16F7-4668-BE54-9A1E7A4F7556}") = "PhotoStock.Invoicing.Contract", "PhotoStock.Invoicing.Contract\PhotoStock.Invoicing.Contract.csproj", "{8929E048-3C03-42FF-951C-6246579C12E8}"
EndProject
Project("{9A19103F-16F7-4668-BE54-9A1E7A4F7556}") = "PhotoStock.Invoicing.Domain", "PhotoStock.Invoicing.Domain\PhotoStock.Invoicing.Domain.csproj", "{09A6B4E3-8261-4CE6-98EA-65945D1EB552}"
EndProject
Project("{9A19103F-16F7-4668-BE54-9A1E7A4F7556}") = "PhotoStock.BusinessProcess.Tests", "PhotoStock.BusinessProcess.Tests\PhotoStock.BusinessProcess.Tests.csproj", "{51F8D2B6-43C4-47CD-BEC6-EE49202F9788}"
EndProject
Project("{9A19103F-16F7-4668-BE54-9A1E7A4F7556}") = "PhotoStock.BusinessProcess", "PhotoStock.BusinessProcess\PhotoStock.BusinessProcess.csproj", "{D59DD003-ECF3-40D4-AF4E-B8C3B55C8D3D}"
EndProject
Project("{9A19103F-16F7-4668-BE54-9A1E7A4F7556}") = "PhotoStock.System", "PhotoStock.System\PhotoStock.System.csproj", "{8542EAFB-2001-4428-8DC5-0BB8CD20C89C}"
EndProject
Project("{9A19103F-16F7-4668-BE54-9A1E7A4F7556}") = "PhotoStock.Tests", "PhotoStock.Tests\PhotoStock.Tests.csproj", "{6652572B-0086-4266-8E87-7B599B50B25B}"
EndProject
Project("{9A19103F-16F7-4668-BE54-9A1E7A4F7556}") = "PhotoStock.Sales.WebApp", "PhotoStock.Sales.WebApp\PhotoStock.Sales.WebApp.csproj", "{5D82A605-4BEC-4641-841E-09AAAD672285}"
EndProject
Project("{9A19103F-16F7-4668-BE54-9A1E7A4F7556}") = "PhotoStock.Sales.Contract", "PhotoStock.Sales.Contract\PhotoStock.Sales.Contract.csproj", "{DA5C74D4-7156-4CB7-89FD-9FDC8AEE63B2}"
EndProject
Project("{FAE04EC0-301F-11D3-BF4B-00C04F79EFBC}") = "PhotoStock.Sales.Tests", "PhotoStock.Sales.Tests\PhotoStock.Sales.Tests.csproj", "{1308EA73-8575-45E9-BE1D-04694F19B5D9}"
EndProject
Global
	GlobalSection(SolutionConfigurationPlatforms) = preSolution
		Debug|Any CPU = Debug|Any CPU
		Release|Any CPU = Release|Any CPU
	EndGlobalSection
	GlobalSection(ProjectConfigurationPlatforms) = postSolution
		{3673DE75-6519-4D2E-94B5-A433AA580820}.Debug|Any CPU.ActiveCfg = Debug|Any CPU
		{3673DE75-6519-4D2E-94B5-A433AA580820}.Debug|Any CPU.Build.0 = Debug|Any CPU
		{3673DE75-6519-4D2E-94B5-A433AA580820}.Release|Any CPU.ActiveCfg = Release|Any CPU
		{3673DE75-6519-4D2E-94B5-A433AA580820}.Release|Any CPU.Build.0 = Release|Any CPU
		{166AAE76-84E6-4270-9A32-43C7A12654F8}.Debug|Any CPU.ActiveCfg = Debug|Any CPU
		{166AAE76-84E6-4270-9A32-43C7A12654F8}.Debug|Any CPU.Build.0 = Debug|Any CPU
		{166AAE76-84E6-4270-9A32-43C7A12654F8}.Release|Any CPU.ActiveCfg = Release|Any CPU
		{166AAE76-84E6-4270-9A32-43C7A12654F8}.Release|Any CPU.Build.0 = Release|Any CPU
		{F1CBC169-37E5-4988-AC17-7217A50A75EA}.Debug|Any CPU.ActiveCfg = Debug|Any CPU
		{F1CBC169-37E5-4988-AC17-7217A50A75EA}.Debug|Any CPU.Build.0 = Debug|Any CPU
		{F1CBC169-37E5-4988-AC17-7217A50A75EA}.Release|Any CPU.ActiveCfg = Release|Any CPU
		{F1CBC169-37E5-4988-AC17-7217A50A75EA}.Release|Any CPU.Build.0 = Release|Any CPU
		{CF0E1985-5C0A-41ED-9E91-0B08D3FE8279}.Debug|Any CPU.ActiveCfg = Debug|Any CPU
		{CF0E1985-5C0A-41ED-9E91-0B08D3FE8279}.Debug|Any CPU.Build.0 = Debug|Any CPU
		{CF0E1985-5C0A-41ED-9E91-0B08D3FE8279}.Release|Any CPU.ActiveCfg = Release|Any CPU
		{CF0E1985-5C0A-41ED-9E91-0B08D3FE8279}.Release|Any CPU.Build.0 = Release|Any CPU
		{35BB77DA-6C17-45A6-8CCE-18B75685DF21}.Debug|Any CPU.ActiveCfg = Debug|Any CPU
		{35BB77DA-6C17-45A6-8CCE-18B75685DF21}.Debug|Any CPU.Build.0 = Debug|Any CPU
		{35BB77DA-6C17-45A6-8CCE-18B75685DF21}.Release|Any CPU.ActiveCfg = Release|Any CPU
		{35BB77DA-6C17-45A6-8CCE-18B75685DF21}.Release|Any CPU.Build.0 = Release|Any CPU
		{D6A3B3AE-A9A0-42EA-88C9-960C45CD45BE}.Debug|Any CPU.ActiveCfg = Debug|Any CPU
		{D6A3B3AE-A9A0-42EA-88C9-960C45CD45BE}.Debug|Any CPU.Build.0 = Debug|Any CPU
		{D6A3B3AE-A9A0-42EA-88C9-960C45CD45BE}.Release|Any CPU.ActiveCfg = Release|Any CPU
		{D6A3B3AE-A9A0-42EA-88C9-960C45CD45BE}.Release|Any CPU.Build.0 = Release|Any CPU
		{0356097E-093A-4014-AE03-DC32BB9F8E99}.Debug|Any CPU.ActiveCfg = Debug|Any CPU
		{0356097E-093A-4014-AE03-DC32BB9F8E99}.Debug|Any CPU.Build.0 = Debug|Any CPU
		{0356097E-093A-4014-AE03-DC32BB9F8E99}.Release|Any CPU.ActiveCfg = Release|Any CPU
		{0356097E-093A-4014-AE03-DC32BB9F8E99}.Release|Any CPU.Build.0 = Release|Any CPU
		{8C258950-DBFC-4880-866A-D7238E2CE09B}.Debug|Any CPU.ActiveCfg = Debug|Any CPU
		{8C258950-DBFC-4880-866A-D7238E2CE09B}.Debug|Any CPU.Build.0 = Debug|Any CPU
		{8C258950-DBFC-4880-866A-D7238E2CE09B}.Release|Any CPU.ActiveCfg = Release|Any CPU
		{8C258950-DBFC-4880-866A-D7238E2CE09B}.Release|Any CPU.Build.0 = Release|Any CPU
		{1040AD35-F87D-4741-9334-6958515A7760}.Debug|Any CPU.ActiveCfg = Debug|Any CPU
		{1040AD35-F87D-4741-9334-6958515A7760}.Debug|Any CPU.Build.0 = Debug|Any CPU
		{1040AD35-F87D-4741-9334-6958515A7760}.Release|Any CPU.ActiveCfg = Release|Any CPU
		{1040AD35-F87D-4741-9334-6958515A7760}.Release|Any CPU.Build.0 = Release|Any CPU
		{4840E4AF-5F89-4B51-AEBD-4C1549A1D62E}.Debug|Any CPU.ActiveCfg = Debug|Any CPU
		{4840E4AF-5F89-4B51-AEBD-4C1549A1D62E}.Debug|Any CPU.Build.0 = Debug|Any CPU
		{4840E4AF-5F89-4B51-AEBD-4C1549A1D62E}.Release|Any CPU.ActiveCfg = Release|Any CPU
		{4840E4AF-5F89-4B51-AEBD-4C1549A1D62E}.Release|Any CPU.Build.0 = Release|Any CPU
		{8929E048-3C03-42FF-951C-6246579C12E8}.Debug|Any CPU.ActiveCfg = Debug|Any CPU
		{8929E048-3C03-42FF-951C-6246579C12E8}.Debug|Any CPU.Build.0 = Debug|Any CPU
		{8929E048-3C03-42FF-951C-6246579C12E8}.Release|Any CPU.ActiveCfg = Release|Any CPU
		{8929E048-3C03-42FF-951C-6246579C12E8}.Release|Any CPU.Build.0 = Release|Any CPU
		{09A6B4E3-8261-4CE6-98EA-65945D1EB552}.Debug|Any CPU.ActiveCfg = Debug|Any CPU
		{09A6B4E3-8261-4CE6-98EA-65945D1EB552}.Debug|Any CPU.Build.0 = Debug|Any CPU
		{09A6B4E3-8261-4CE6-98EA-65945D1EB552}.Release|Any CPU.ActiveCfg = Release|Any CPU
		{09A6B4E3-8261-4CE6-98EA-65945D1EB552}.Release|Any CPU.Build.0 = Release|Any CPU
		{51F8D2B6-43C4-47CD-BEC6-EE49202F9788}.Debug|Any CPU.ActiveCfg = Debug|Any CPU
		{51F8D2B6-43C4-47CD-BEC6-EE49202F9788}.Debug|Any CPU.Build.0 = Debug|Any CPU
		{51F8D2B6-43C4-47CD-BEC6-EE49202F9788}.Release|Any CPU.ActiveCfg = Release|Any CPU
		{51F8D2B6-43C4-47CD-BEC6-EE49202F9788}.Release|Any CPU.Build.0 = Release|Any CPU
		{D59DD003-ECF3-40D4-AF4E-B8C3B55C8D3D}.Debug|Any CPU.ActiveCfg = Debug|Any CPU
		{D59DD003-ECF3-40D4-AF4E-B8C3B55C8D3D}.Debug|Any CPU.Build.0 = Debug|Any CPU
		{D59DD003-ECF3-40D4-AF4E-B8C3B55C8D3D}.Release|Any CPU.ActiveCfg = Release|Any CPU
		{D59DD003-ECF3-40D4-AF4E-B8C3B55C8D3D}.Release|Any CPU.Build.0 = Release|Any CPU
		{8542EAFB-2001-4428-8DC5-0BB8CD20C89C}.Debug|Any CPU.ActiveCfg = Debug|Any CPU
		{8542EAFB-2001-4428-8DC5-0BB8CD20C89C}.Debug|Any CPU.Build.0 = Debug|Any CPU
		{8542EAFB-2001-4428-8DC5-0BB8CD20C89C}.Release|Any CPU.ActiveCfg = Release|Any CPU
		{8542EAFB-2001-4428-8DC5-0BB8CD20C89C}.Release|Any CPU.Build.0 = Release|Any CPU
		{6652572B-0086-4266-8E87-7B599B50B25B}.Debug|Any CPU.ActiveCfg = Debug|Any CPU
		{6652572B-0086-4266-8E87-7B599B50B25B}.Debug|Any CPU.Build.0 = Debug|Any CPU
		{6652572B-0086-4266-8E87-7B599B50B25B}.Release|Any CPU.ActiveCfg = Release|Any CPU
		{6652572B-0086-4266-8E87-7B599B50B25B}.Release|Any CPU.Build.0 = Release|Any CPU
		{5D82A605-4BEC-4641-841E-09AAAD672285}.Debug|Any CPU.ActiveCfg = Debug|Any CPU
		{5D82A605-4BEC-4641-841E-09AAAD672285}.Debug|Any CPU.Build.0 = Debug|Any CPU
		{5D82A605-4BEC-4641-841E-09AAAD672285}.Release|Any CPU.ActiveCfg = Release|Any CPU
		{5D82A605-4BEC-4641-841E-09AAAD672285}.Release|Any CPU.Build.0 = Release|Any CPU
		{DA5C74D4-7156-4CB7-89FD-9FDC8AEE63B2}.Debug|Any CPU.ActiveCfg = Debug|Any CPU
		{DA5C74D4-7156-4CB7-89FD-9FDC8AEE63B2}.Debug|Any CPU.Build.0 = Debug|Any CPU
		{DA5C74D4-7156-4CB7-89FD-9FDC8AEE63B2}.Release|Any CPU.ActiveCfg = Release|Any CPU
		{DA5C74D4-7156-4CB7-89FD-9FDC8AEE63B2}.Release|Any CPU.Build.0 = Release|Any CPU
		{1308EA73-8575-45E9-BE1D-04694F19B5D9}.Debug|Any CPU.ActiveCfg = Debug|Any CPU
		{1308EA73-8575-45E9-BE1D-04694F19B5D9}.Debug|Any CPU.Build.0 = Debug|Any CPU
		{1308EA73-8575-45E9-BE1D-04694F19B5D9}.Release|Any CPU.ActiveCfg = Release|Any CPU
		{1308EA73-8575-45E9-BE1D-04694F19B5D9}.Release|Any CPU.Build.0 = Release|Any CPU
	EndGlobalSection
	GlobalSection(SolutionProperties) = preSolution
		HideSolutionNode = FALSE
	EndGlobalSection
	GlobalSection(NestedProjects) = preSolution
		{3673DE75-6519-4D2E-94B5-A433AA580820} = {C8607D23-999C-46EE-946A-85C6CF69746F}
		{166AAE76-84E6-4270-9A32-43C7A12654F8} = {C8607D23-999C-46EE-946A-85C6CF69746F}
		{F1CBC169-37E5-4988-AC17-7217A50A75EA} = {C8607D23-999C-46EE-946A-85C6CF69746F}
		{CF0E1985-5C0A-41ED-9E91-0B08D3FE8279} = {C8607D23-999C-46EE-946A-85C6CF69746F}
		{35BB77DA-6C17-45A6-8CCE-18B75685DF21} = {A0F7DF3D-4B23-4243-9834-E35FBC15C9A8}
		{0356097E-093A-4014-AE03-DC32BB9F8E99} = {0D8B3E81-E824-4CE0-A516-87C4ECB59F52}
		{8C258950-DBFC-4880-866A-D7238E2CE09B} = {0D8B3E81-E824-4CE0-A516-87C4ECB59F52}
		{1040AD35-F87D-4741-9334-6958515A7760} = {0D8B3E81-E824-4CE0-A516-87C4ECB59F52}
		{4840E4AF-5F89-4B51-AEBD-4C1549A1D62E} = {80ACDAD5-3FE5-4559-B11F-5F7CF18FF85C}
		{8929E048-3C03-42FF-951C-6246579C12E8} = {80ACDAD5-3FE5-4559-B11F-5F7CF18FF85C}
		{09A6B4E3-8261-4CE6-98EA-65945D1EB552} = {80ACDAD5-3FE5-4559-B11F-5F7CF18FF85C}
		{51F8D2B6-43C4-47CD-BEC6-EE49202F9788} = {EA8DA886-D082-4565-95FA-7E70248260B7}
		{D59DD003-ECF3-40D4-AF4E-B8C3B55C8D3D} = {EA8DA886-D082-4565-95FA-7E70248260B7}
		{5D82A605-4BEC-4641-841E-09AAAD672285} = {C8607D23-999C-46EE-946A-85C6CF69746F}
		{DA5C74D4-7156-4CB7-89FD-9FDC8AEE63B2} = {C8607D23-999C-46EE-946A-85C6CF69746F}
		{1308EA73-8575-45E9-BE1D-04694F19B5D9} = {C8607D23-999C-46EE-946A-85C6CF69746F}
	EndGlobalSection
	GlobalSection(ExtensibilityGlobals) = postSolution
		SolutionGuid = {322FDC4E-B8DB-4DC4-9B0F-CF0F3D72998F}
	EndGlobalSection
EndGlobal
